
Microsoft Visual Studio Solution File, Format Version 12.00
# Visual Studio Version 16
VisualStudioVersion = 16.0.30114.105
MinimumVisualStudioVersion = 10.0.40219.1
Project("{2150E333-8FDC-42A3-9474-1A3956D46DE8}") = "src", "src", "{D2307351-F4A5-4752-BB12-E6F96DAF38D0}"
EndProject
Project("{FAE04EC0-301F-11D3-BF4B-00C04F79EFBC}") = "SimpleAPI", "src\SimpleAPI\SimpleAPI.csproj", "{CC797B94-5560-45FA-BB36-B5E7FE1D7666}"
EndProject
Project("{2150E333-8FDC-42A3-9474-1A3956D46DE8}") = "test", "test", "{1329F47A-BE24-4ECD-90A8-2F0A6E3F1EE1}"
EndProject
Project("{FAE04EC0-301F-11D3-BF4B-00C04F79EFBC}") = "SimpleAPI.Test", "test\SimpleAPI.Test\SimpleAPI.Test.csproj", "{5D49CBE6-855D-4EDA-8A75-EE6F89A33DD0}"
EndProject
Global
	GlobalSection(SolutionConfigurationPlatforms) = preSolution
		Debug|Any CPU = Debug|Any CPU
		Release|Any CPU = Release|Any CPU
	EndGlobalSection
	GlobalSection(SolutionProperties) = preSolution
		HideSolutionNode = FALSE
	EndGlobalSection
	GlobalSection(ProjectConfigurationPlatforms) = postSolution
		{CC797B94-5560-45FA-BB36-B5E7FE1D7666}.Debug|Any CPU.ActiveCfg = Debug|Any CPU
		{CC797B94-5560-45FA-BB36-B5E7FE1D7666}.Debug|Any CPU.Build.0 = Debug|Any CPU
		{CC797B94-5560-45FA-BB36-B5E7FE1D7666}.Release|Any CPU.ActiveCfg = Release|Any CPU
		{CC797B94-5560-45FA-BB36-B5E7FE1D7666}.Release|Any CPU.Build.0 = Release|Any CPU
		{5D49CBE6-855D-4EDA-8A75-EE6F89A33DD0}.Debug|Any CPU.ActiveCfg = Debug|Any CPU
		{5D49CBE6-855D-4EDA-8A75-EE6F89A33DD0}.Debug|Any CPU.Build.0 = Debug|Any CPU
		{5D49CBE6-855D-4EDA-8A75-EE6F89A33DD0}.Release|Any CPU.ActiveCfg = Release|Any CPU
		{5D49CBE6-855D-4EDA-8A75-EE6F89A33DD0}.Release|Any CPU.Build.0 = Release|Any CPU
	EndGlobalSection
	GlobalSection(NestedProjects) = preSolution
		{CC797B94-5560-45FA-BB36-B5E7FE1D7666} = {D2307351-F4A5-4752-BB12-E6F96DAF38D0}
		{5D49CBE6-855D-4EDA-8A75-EE6F89A33DD0} = {1329F47A-BE24-4ECD-90A8-2F0A6E3F1EE1}
	EndGlobalSection
EndGlobal
